// !$*UTF8*$!
{
	archiveVersion = 1;
	classes = {
	};
	objectVersion = 56;
	objects = {

/* Begin PBXBuildFile section */
		DDBC30CA2B11B77F00686A9B /* AppDelegate.swift in Sources */ = {isa = PBXBuildFile; fileRef = DDBC30C92B11B77F00686A9B /* AppDelegate.swift */; };
		DDBC30CC2B11B77F00686A9B /* SceneDelegate.swift in Sources */ = {isa = PBXBuildFile; fileRef = DDBC30CB2B11B77F00686A9B /* SceneDelegate.swift */; };
		DDBC30CE2B11B77F00686A9B /* ViewController.swift in Sources */ = {isa = PBXBuildFile; fileRef = DDBC30CD2B11B77F00686A9B /* ViewController.swift */; };
		DDBC30D32B11B78100686A9B /* Assets.xcassets in Resources */ = {isa = PBXBuildFile; fileRef = DDBC30D22B11B78100686A9B /* Assets.xcassets */; };
		DDBC30D62B11B78100686A9B /* LaunchScreen.storyboard in Resources */ = {isa = PBXBuildFile; fileRef = DDBC30D42B11B78100686A9B /* LaunchScreen.storyboard */; };
		DDC62A632B11B807008974A7 /* Kingfisher in Frameworks */ = {isa = PBXBuildFile; productRef = DDC62A622B11B807008974A7 /* Kingfisher */; };
		DDC62A662B11B812008974A7 /* Then in Frameworks */ = {isa = PBXBuildFile; productRef = DDC62A652B11B812008974A7 /* Then */; };
		DDC62A692B11B81C008974A7 /* SnapKit in Frameworks */ = {isa = PBXBuildFile; productRef = DDC62A682B11B81C008974A7 /* SnapKit */; };
		DDC62A6B2B11B81C008974A7 /* SnapKit-Dynamic in Frameworks */ = {isa = PBXBuildFile; productRef = DDC62A6A2B11B81C008974A7 /* SnapKit-Dynamic */; };
		DDC62A6E2B11B843008974A7 /* Alamofire in Frameworks */ = {isa = PBXBuildFile; productRef = DDC62A6D2B11B843008974A7 /* Alamofire */; };
		DDC62A732B11C501008974A7 /* APIManager.swift in Sources */ = {isa = PBXBuildFile; fileRef = DDC62A722B11C501008974A7 /* APIManager.swift */; };
		DDC62A752B11C564008974A7 /* APIModel.swift in Sources */ = {isa = PBXBuildFile; fileRef = DDC62A742B11C564008974A7 /* APIModel.swift */; };
		DDC62A772B11C573008974A7 /* APIConstant.swift in Sources */ = {isa = PBXBuildFile; fileRef = DDC62A762B11C573008974A7 /* APIConstant.swift */; };
		DDC62A7A2B11C767008974A7 /* Token.swift in Sources */ = {isa = PBXBuildFile; fileRef = DDC62A792B11C767008974A7 /* Token.swift */; };
		DDC62A7E2B11D95D008974A7 /* ColorData.swift in Sources */ = {isa = PBXBuildFile; fileRef = DDC62A7D2B11D95D008974A7 /* ColorData.swift */; };
/* End PBXBuildFile section */

/* Begin PBXFileReference section */
		DDBC30C62B11B77F00686A9B /* ETA.app */ = {isa = PBXFileReference; explicitFileType = wrapper.application; includeInIndex = 0; path = ETA.app; sourceTree = BUILT_PRODUCTS_DIR; };
		DDBC30C92B11B77F00686A9B /* AppDelegate.swift */ = {isa = PBXFileReference; lastKnownFileType = sourcecode.swift; path = AppDelegate.swift; sourceTree = "<group>"; };
		DDBC30CB2B11B77F00686A9B /* SceneDelegate.swift */ = {isa = PBXFileReference; lastKnownFileType = sourcecode.swift; path = SceneDelegate.swift; sourceTree = "<group>"; };
		DDBC30CD2B11B77F00686A9B /* ViewController.swift */ = {isa = PBXFileReference; lastKnownFileType = sourcecode.swift; path = ViewController.swift; sourceTree = "<group>"; };
		DDBC30D22B11B78100686A9B /* Assets.xcassets */ = {isa = PBXFileReference; lastKnownFileType = folder.assetcatalog; path = Assets.xcassets; sourceTree = "<group>"; };
		DDBC30D52B11B78100686A9B /* Base */ = {isa = PBXFileReference; lastKnownFileType = file.storyboard; name = Base; path = Base.lproj/LaunchScreen.storyboard; sourceTree = "<group>"; };
		DDBC30D72B11B78100686A9B /* Info.plist */ = {isa = PBXFileReference; lastKnownFileType = text.plist.xml; path = Info.plist; sourceTree = "<group>"; };
		DDC62A722B11C501008974A7 /* APIManager.swift */ = {isa = PBXFileReference; lastKnownFileType = sourcecode.swift; path = APIManager.swift; sourceTree = "<group>"; };
		DDC62A742B11C564008974A7 /* APIModel.swift */ = {isa = PBXFileReference; lastKnownFileType = sourcecode.swift; path = APIModel.swift; sourceTree = "<group>"; };
		DDC62A762B11C573008974A7 /* APIConstant.swift */ = {isa = PBXFileReference; lastKnownFileType = sourcecode.swift; path = APIConstant.swift; sourceTree = "<group>"; };
		DDC62A792B11C767008974A7 /* Token.swift */ = {isa = PBXFileReference; lastKnownFileType = sourcecode.swift; path = Token.swift; sourceTree = "<group>"; };
		DDC62A7D2B11D95D008974A7 /* ColorData.swift */ = {isa = PBXFileReference; lastKnownFileType = sourcecode.swift; path = ColorData.swift; sourceTree = "<group>"; };
/* End PBXFileReference section */

/* Begin PBXFrameworksBuildPhase section */
		DDBC30C32B11B77F00686A9B /* Frameworks */ = {
			isa = PBXFrameworksBuildPhase;
			buildActionMask = 2147483647;
			files = (
				DDC62A6E2B11B843008974A7 /* Alamofire in Frameworks */,
				DDC62A692B11B81C008974A7 /* SnapKit in Frameworks */,
				DDC62A632B11B807008974A7 /* Kingfisher in Frameworks */,
				DDC62A662B11B812008974A7 /* Then in Frameworks */,
				DDC62A6B2B11B81C008974A7 /* SnapKit-Dynamic in Frameworks */,
			);
			runOnlyForDeploymentPostprocessing = 0;
		};
/* End PBXFrameworksBuildPhase section */

/* Begin PBXGroup section */
		DDBC30BD2B11B77F00686A9B = {
			isa = PBXGroup;
			children = (
				DDBC30C82B11B77F00686A9B /* ETA */,
				DDBC30C72B11B77F00686A9B /* Products */,
			);
			sourceTree = "<group>";
		};
		DDBC30C72B11B77F00686A9B /* Products */ = {
			isa = PBXGroup;
			children = (
				DDBC30C62B11B77F00686A9B /* ETA.app */,
			);
			name = Products;
			sourceTree = "<group>";
		};
		DDBC30C82B11B77F00686A9B /* ETA */ = {
			isa = PBXGroup;
			children = (
				DDBC30C92B11B77F00686A9B /* AppDelegate.swift */,
				DDBC30CB2B11B77F00686A9B /* SceneDelegate.swift */,
				DDC62A782B11C614008974A7 /* Token */,
				DDC62A712B11C4EA008974A7 /* Network */,
				DDC62A702B11C3FB008974A7 /* Resource */,
				DDC62A6F2B11C3F3008974A7 /* Source */,
				DDBC30D72B11B78100686A9B /* Info.plist */,
			);
			path = ETA;
			sourceTree = "<group>";
		};
		DDC62A6F2B11C3F3008974A7 /* Source */ = {
			isa = PBXGroup;
			children = (
				DDBC30D42B11B78100686A9B /* LaunchScreen.storyboard */,
				DDBC30CD2B11B77F00686A9B /* ViewController.swift */,
			);
			path = Source;
			sourceTree = "<group>";
		};
		DDC62A702B11C3FB008974A7 /* Resource */ = {
			isa = PBXGroup;
			children = (
				DDC62A7C2B11D6FD008974A7 /* Data */,
				DDC62A7B2B11D6F6008974A7 /* Font */,
				DDBC30D22B11B78100686A9B /* Assets.xcassets */,
			);
			path = Resource;
			sourceTree = "<group>";
		};
		DDC62A712B11C4EA008974A7 /* Network */ = {
			isa = PBXGroup;
			children = (
				DDC62A722B11C501008974A7 /* APIManager.swift */,
				DDC62A742B11C564008974A7 /* APIModel.swift */,
				DDC62A762B11C573008974A7 /* APIConstant.swift */,
			);
			path = Network;
			sourceTree = "<group>";
		};
		DDC62A782B11C614008974A7 /* Token */ = {
			isa = PBXGroup;
			children = (
				DDC62A792B11C767008974A7 /* Token.swift */,
			);
			path = Token;
			sourceTree = "<group>";
		};
		DDC62A7B2B11D6F6008974A7 /* Font */ = {
			isa = PBXGroup;
			children = (
			);
			path = Font;
			sourceTree = "<group>";
		};
		DDC62A7C2B11D6FD008974A7 /* Data */ = {
			isa = PBXGroup;
			children = (
				DDC62A7D2B11D95D008974A7 /* ColorData.swift */,
			);
			path = Data;
			sourceTree = "<group>";
		};
/* End PBXGroup section */

/* Begin PBXNativeTarget section */
		DDBC30C52B11B77F00686A9B /* ETA */ = {
			isa = PBXNativeTarget;
			buildConfigurationList = DDBC30DA2B11B78100686A9B /* Build configuration list for PBXNativeTarget "ETA" */;
			buildPhases = (
				DDBC30C22B11B77F00686A9B /* Sources */,
				DDBC30C32B11B77F00686A9B /* Frameworks */,
				DDBC30C42B11B77F00686A9B /* Resources */,
			);
			buildRules = (
			);
			dependencies = (
			);
			name = ETA;
			packageProductDependencies = (
				DDC62A622B11B807008974A7 /* Kingfisher */,
				DDC62A652B11B812008974A7 /* Then */,
				DDC62A682B11B81C008974A7 /* SnapKit */,
				DDC62A6A2B11B81C008974A7 /* SnapKit-Dynamic */,
				DDC62A6D2B11B843008974A7 /* Alamofire */,
			);
			productName = ETA;
			productReference = DDBC30C62B11B77F00686A9B /* ETA.app */;
			productType = "com.apple.product-type.application";
		};
/* End PBXNativeTarget section */

/* Begin PBXProject section */
		DDBC30BE2B11B77F00686A9B /* Project object */ = {
			isa = PBXProject;
			attributes = {
				BuildIndependentTargetsInParallel = 1;
				LastSwiftUpdateCheck = 1500;
				LastUpgradeCheck = 1500;
				TargetAttributes = {
					DDBC30C52B11B77F00686A9B = {
						CreatedOnToolsVersion = 15.0;
					};
				};
			};
			buildConfigurationList = DDBC30C12B11B77F00686A9B /* Build configuration list for PBXProject "ETA" */;
			compatibilityVersion = "Xcode 14.0";
			developmentRegion = en;
			hasScannedForEncodings = 0;
			knownRegions = (
				en,
				Base,
			);
			mainGroup = DDBC30BD2B11B77F00686A9B;
			packageReferences = (
				DDC62A612B11B807008974A7 /* XCRemoteSwiftPackageReference "Kingfisher" */,
				DDC62A642B11B812008974A7 /* XCRemoteSwiftPackageReference "Then" */,
				DDC62A672B11B81C008974A7 /* XCRemoteSwiftPackageReference "SnapKit" */,
				DDC62A6C2B11B843008974A7 /* XCRemoteSwiftPackageReference "Alamofire" */,
			);
			productRefGroup = DDBC30C72B11B77F00686A9B /* Products */;
			projectDirPath = "";
			projectRoot = "";
			targets = (
				DDBC30C52B11B77F00686A9B /* ETA */,
			);
		};
/* End PBXProject section */

/* Begin PBXResourcesBuildPhase section */
		DDBC30C42B11B77F00686A9B /* Resources */ = {
			isa = PBXResourcesBuildPhase;
			buildActionMask = 2147483647;
			files = (
				DDBC30D62B11B78100686A9B /* LaunchScreen.storyboard in Resources */,
				DDBC30D32B11B78100686A9B /* Assets.xcassets in Resources */,
			);
			runOnlyForDeploymentPostprocessing = 0;
		};
/* End PBXResourcesBuildPhase section */

/* Begin PBXSourcesBuildPhase section */
		DDBC30C22B11B77F00686A9B /* Sources */ = {
			isa = PBXSourcesBuildPhase;
			buildActionMask = 2147483647;
			files = (
				DDC62A732B11C501008974A7 /* APIManager.swift in Sources */,
				DDBC30CE2B11B77F00686A9B /* ViewController.swift in Sources */,
				DDC62A7A2B11C767008974A7 /* Token.swift in Sources */,
				DDC62A7E2B11D95D008974A7 /* ColorData.swift in Sources */,
				DDC62A772B11C573008974A7 /* APIConstant.swift in Sources */,
				DDBC30CA2B11B77F00686A9B /* AppDelegate.swift in Sources */,
				DDBC30CC2B11B77F00686A9B /* SceneDelegate.swift in Sources */,
				DDC62A752B11C564008974A7 /* APIModel.swift in Sources */,
			);
			runOnlyForDeploymentPostprocessing = 0;
		};
/* End PBXSourcesBuildPhase section */

/* Begin PBXVariantGroup section */
		DDBC30D42B11B78100686A9B /* LaunchScreen.storyboard */ = {
			isa = PBXVariantGroup;
			children = (
				DDBC30D52B11B78100686A9B /* Base */,
			);
			name = LaunchScreen.storyboard;
			sourceTree = "<group>";
		};
/* End PBXVariantGroup section */

/* Begin XCBuildConfiguration section */
		DDBC30D82B11B78100686A9B /* Debug */ = {
			isa = XCBuildConfiguration;
			buildSettings = {
				ALWAYS_SEARCH_USER_PATHS = NO;
				ASSETCATALOG_COMPILER_GENERATE_SWIFT_ASSET_SYMBOL_EXTENSIONS = YES;
				CLANG_ANALYZER_NONNULL = YES;
				CLANG_ANALYZER_NUMBER_OBJECT_CONVERSION = YES_AGGRESSIVE;
				CLANG_CXX_LANGUAGE_STANDARD = "gnu++20";
				CLANG_ENABLE_MODULES = YES;
				CLANG_ENABLE_OBJC_ARC = YES;
				CLANG_ENABLE_OBJC_WEAK = YES;
				CLANG_WARN_BLOCK_CAPTURE_AUTORELEASING = YES;
				CLANG_WARN_BOOL_CONVERSION = YES;
				CLANG_WARN_COMMA = YES;
				CLANG_WARN_CONSTANT_CONVERSION = YES;
				CLANG_WARN_DEPRECATED_OBJC_IMPLEMENTATIONS = YES;
				CLANG_WARN_DIRECT_OBJC_ISA_USAGE = YES_ERROR;
				CLANG_WARN_DOCUMENTATION_COMMENTS = YES;
				CLANG_WARN_EMPTY_BODY = YES;
				CLANG_WARN_ENUM_CONVERSION = YES;
				CLANG_WARN_INFINITE_RECURSION = YES;
				CLANG_WARN_INT_CONVERSION = YES;
				CLANG_WARN_NON_LITERAL_NULL_CONVERSION = YES;
				CLANG_WARN_OBJC_IMPLICIT_RETAIN_SELF = YES;
				CLANG_WARN_OBJC_LITERAL_CONVERSION = YES;
				CLANG_WARN_OBJC_ROOT_CLASS = YES_ERROR;
				CLANG_WARN_QUOTED_INCLUDE_IN_FRAMEWORK_HEADER = YES;
				CLANG_WARN_RANGE_LOOP_ANALYSIS = YES;
				CLANG_WARN_STRICT_PROTOTYPES = YES;
				CLANG_WARN_SUSPICIOUS_MOVE = YES;
				CLANG_WARN_UNGUARDED_AVAILABILITY = YES_AGGRESSIVE;
				CLANG_WARN_UNREACHABLE_CODE = YES;
				CLANG_WARN__DUPLICATE_METHOD_MATCH = YES;
				COPY_PHASE_STRIP = NO;
				DEBUG_INFORMATION_FORMAT = dwarf;
				ENABLE_STRICT_OBJC_MSGSEND = YES;
				ENABLE_TESTABILITY = YES;
				ENABLE_USER_SCRIPT_SANDBOXING = YES;
				GCC_C_LANGUAGE_STANDARD = gnu17;
				GCC_DYNAMIC_NO_PIC = NO;
				GCC_NO_COMMON_BLOCKS = YES;
				GCC_OPTIMIZATION_LEVEL = 0;
				GCC_PREPROCESSOR_DEFINITIONS = (
					"DEBUG=1",
					"$(inherited)",
				);
				GCC_WARN_64_TO_32_BIT_CONVERSION = YES;
				GCC_WARN_ABOUT_RETURN_TYPE = YES_ERROR;
				GCC_WARN_UNDECLARED_SELECTOR = YES;
				GCC_WARN_UNINITIALIZED_AUTOS = YES_AGGRESSIVE;
				GCC_WARN_UNUSED_FUNCTION = YES;
				GCC_WARN_UNUSED_VARIABLE = YES;
				IPHONEOS_DEPLOYMENT_TARGET = 17.0;
				LOCALIZATION_PREFERS_STRING_CATALOGS = YES;
				MTL_ENABLE_DEBUG_INFO = INCLUDE_SOURCE;
				MTL_FAST_MATH = YES;
				ONLY_ACTIVE_ARCH = YES;
				SDKROOT = iphoneos;
				SWIFT_ACTIVE_COMPILATION_CONDITIONS = "DEBUG $(inherited)";
				SWIFT_OPTIMIZATION_LEVEL = "-Onone";
			};
			name = Debug;
		};
		DDBC30D92B11B78100686A9B /* Release */ = {
			isa = XCBuildConfiguration;
			buildSettings = {
				ALWAYS_SEARCH_USER_PATHS = NO;
				ASSETCATALOG_COMPILER_GENERATE_SWIFT_ASSET_SYMBOL_EXTENSIONS = YES;
				CLANG_ANALYZER_NONNULL = YES;
				CLANG_ANALYZER_NUMBER_OBJECT_CONVERSION = YES_AGGRESSIVE;
				CLANG_CXX_LANGUAGE_STANDARD = "gnu++20";
				CLANG_ENABLE_MODULES = YES;
				CLANG_ENABLE_OBJC_ARC = YES;
				CLANG_ENABLE_OBJC_WEAK = YES;
				CLANG_WARN_BLOCK_CAPTURE_AUTORELEASING = YES;
				CLANG_WARN_BOOL_CONVERSION = YES;
				CLANG_WARN_COMMA = YES;
				CLANG_WARN_CONSTANT_CONVERSION = YES;
				CLANG_WARN_DEPRECATED_OBJC_IMPLEMENTATIONS = YES;
				CLANG_WARN_DIRECT_OBJC_ISA_USAGE = YES_ERROR;
				CLANG_WARN_DOCUMENTATION_COMMENTS = YES;
				CLANG_WARN_EMPTY_BODY = YES;
				CLANG_WARN_ENUM_CONVERSION = YES;
				CLANG_WARN_INFINITE_RECURSION = YES;
				CLANG_WARN_INT_CONVERSION = YES;
				CLANG_WARN_NON_LITERAL_NULL_CONVERSION = YES;
				CLANG_WARN_OBJC_IMPLICIT_RETAIN_SELF = YES;
				CLANG_WARN_OBJC_LITERAL_CONVERSION = YES;
				CLANG_WARN_OBJC_ROOT_CLASS = YES_ERROR;
				CLANG_WARN_QUOTED_INCLUDE_IN_FRAMEWORK_HEADER = YES;
				CLANG_WARN_RANGE_LOOP_ANALYSIS = YES;
				CLANG_WARN_STRICT_PROTOTYPES = YES;
				CLANG_WARN_SUSPICIOUS_MOVE = YES;
				CLANG_WARN_UNGUARDED_AVAILABILITY = YES_AGGRESSIVE;
				CLANG_WARN_UNREACHABLE_CODE = YES;
				CLANG_WARN__DUPLICATE_METHOD_MATCH = YES;
				COPY_PHASE_STRIP = NO;
				DEBUG_INFORMATION_FORMAT = "dwarf-with-dsym";
				ENABLE_NS_ASSERTIONS = NO;
				ENABLE_STRICT_OBJC_MSGSEND = YES;
				ENABLE_USER_SCRIPT_SANDBOXING = YES;
				GCC_C_LANGUAGE_STANDARD = gnu17;
				GCC_NO_COMMON_BLOCKS = YES;
				GCC_WARN_64_TO_32_BIT_CONVERSION = YES;
				GCC_WARN_ABOUT_RETURN_TYPE = YES_ERROR;
				GCC_WARN_UNDECLARED_SELECTOR = YES;
				GCC_WARN_UNINITIALIZED_AUTOS = YES_AGGRESSIVE;
				GCC_WARN_UNUSED_FUNCTION = YES;
				GCC_WARN_UNUSED_VARIABLE = YES;
				IPHONEOS_DEPLOYMENT_TARGET = 17.0;
				LOCALIZATION_PREFERS_STRING_CATALOGS = YES;
				MTL_ENABLE_DEBUG_INFO = NO;
				MTL_FAST_MATH = YES;
				SDKROOT = iphoneos;
				SWIFT_COMPILATION_MODE = wholemodule;
				VALIDATE_PRODUCT = YES;
			};
			name = Release;
		};
		DDBC30DB2B11B78100686A9B /* Debug */ = {
			isa = XCBuildConfiguration;
			buildSettings = {
				ASSETCATALOG_COMPILER_APPICON_NAME = AppIcon;
				ASSETCATALOG_COMPILER_GLOBAL_ACCENT_COLOR_NAME = AccentColor;
				CODE_SIGN_STYLE = Automatic;
				CURRENT_PROJECT_VERSION = 1;
				DEVELOPMENT_TEAM = 2DF5SKQK2R;
				GENERATE_INFOPLIST_FILE = YES;
				INFOPLIST_FILE = ETA/Info.plist;
				INFOPLIST_KEY_UIApplicationSupportsIndirectInputEvents = YES;
				INFOPLIST_KEY_UILaunchStoryboardName = LaunchScreen;
				INFOPLIST_KEY_UISupportedInterfaceOrientations_iPad = "UIInterfaceOrientationPortrait UIInterfaceOrientationPortraitUpsideDown UIInterfaceOrientationLandscapeLeft UIInterfaceOrientationLandscapeRight";
				INFOPLIST_KEY_UISupportedInterfaceOrientations_iPhone = "UIInterfaceOrientationPortrait UIInterfaceOrientationLandscapeLeft UIInterfaceOrientationLandscapeRight";
				LD_RUNPATH_SEARCH_PATHS = (
					"$(inherited)",
					"@executable_path/Frameworks",
				);
				MARKETING_VERSION = 1.0;
				PRODUCT_BUNDLE_IDENTIFIER = com.youz2me.ETA;
				PRODUCT_NAME = "$(TARGET_NAME)";
				SWIFT_EMIT_LOC_STRINGS = YES;
				SWIFT_VERSION = 5.0;
				TARGETED_DEVICE_FAMILY = "1,2";
			};
			name = Debug;
		};
		DDBC30DC2B11B78100686A9B /* Release */ = {
			isa = XCBuildConfiguration;
			buildSettings = {
				ASSETCATALOG_COMPILER_APPICON_NAME = AppIcon;
				ASSETCATALOG_COMPILER_GLOBAL_ACCENT_COLOR_NAME = AccentColor;
				CODE_SIGN_STYLE = Automatic;
				CURRENT_PROJECT_VERSION = 1;
				DEVELOPMENT_TEAM = 2DF5SKQK2R;
				GENERATE_INFOPLIST_FILE = YES;
				INFOPLIST_FILE = ETA/Info.plist;
				INFOPLIST_KEY_UIApplicationSupportsIndirectInputEvents = YES;
				INFOPLIST_KEY_UILaunchStoryboardName = LaunchScreen;
				INFOPLIST_KEY_UISupportedInterfaceOrientations_iPad = "UIInterfaceOrientationPortrait UIInterfaceOrientationPortraitUpsideDown UIInterfaceOrientationLandscapeLeft UIInterfaceOrientationLandscapeRight";
				INFOPLIST_KEY_UISupportedInterfaceOrientations_iPhone = "UIInterfaceOrientationPortrait UIInterfaceOrientationLandscapeLeft UIInterfaceOrientationLandscapeRight";
				LD_RUNPATH_SEARCH_PATHS = (
					"$(inherited)",
					"@executable_path/Frameworks",
				);
				MARKETING_VERSION = 1.0;
				PRODUCT_BUNDLE_IDENTIFIER = com.youz2me.ETA;
				PRODUCT_NAME = "$(TARGET_NAME)";
				SWIFT_EMIT_LOC_STRINGS = YES;
				SWIFT_VERSION = 5.0;
				TARGETED_DEVICE_FAMILY = "1,2";
			};
			name = Release;
		};
/* End XCBuildConfiguration section */

/* Begin XCConfigurationList section */
		DDBC30C12B11B77F00686A9B /* Build configuration list for PBXProject "ETA" */ = {
			isa = XCConfigurationList;
			buildConfigurations = (
				DDBC30D82B11B78100686A9B /* Debug */,
				DDBC30D92B11B78100686A9B /* Release */,
			);
			defaultConfigurationIsVisible = 0;
			defaultConfigurationName = Release;
		};
		DDBC30DA2B11B78100686A9B /* Build configuration list for PBXNativeTarget "ETA" */ = {
			isa = XCConfigurationList;
			buildConfigurations = (
				DDBC30DB2B11B78100686A9B /* Debug */,
				DDBC30DC2B11B78100686A9B /* Release */,
			);
			defaultConfigurationIsVisible = 0;
			defaultConfigurationName = Release;
		};
/* End XCConfigurationList section */

/* Begin XCRemoteSwiftPackageReference section */
		DDC62A612B11B807008974A7 /* XCRemoteSwiftPackageReference "Kingfisher" */ = {
			isa = XCRemoteSwiftPackageReference;
			repositoryURL = "https://github.com/onevcat/Kingfisher";
			requirement = {
				kind = upToNextMajorVersion;
				minimumVersion = 7.10.0;
			};
		};
		DDC62A642B11B812008974A7 /* XCRemoteSwiftPackageReference "Then" */ = {
			isa = XCRemoteSwiftPackageReference;
			repositoryURL = "https://github.com/devxoul/Then";
			requirement = {
				kind = upToNextMajorVersion;
				minimumVersion = 3.0.0;
			};
		};
		DDC62A672B11B81C008974A7 /* XCRemoteSwiftPackageReference "SnapKit" */ = {
			isa = XCRemoteSwiftPackageReference;
			repositoryURL = "https://github.com/SnapKit/SnapKit";
			requirement = {
				kind = upToNextMajorVersion;
				minimumVersion = 5.6.0;
			};
		};
		DDC62A6C2B11B843008974A7 /* XCRemoteSwiftPackageReference "Alamofire" */ = {
			isa = XCRemoteSwiftPackageReference;
			repositoryURL = "https://github.com/Alamofire/Alamofire";
			requirement = {
				kind = upToNextMajorVersion;
				minimumVersion = 5.8.1;
			};
		};
/* End XCRemoteSwiftPackageReference section */

/* Begin XCSwiftPackageProductDependency section */
		DDC62A622B11B807008974A7 /* Kingfisher */ = {
			isa = XCSwiftPackageProductDependency;
			package = DDC62A612B11B807008974A7 /* XCRemoteSwiftPackageReference "Kingfisher" */;
			productName = Kingfisher;
		};
		DDC62A652B11B812008974A7 /* Then */ = {
			isa = XCSwiftPackageProductDependency;
			package = DDC62A642B11B812008974A7 /* XCRemoteSwiftPackageReference "Then" */;
			productName = Then;
		};
		DDC62A682B11B81C008974A7 /* SnapKit */ = {
			isa = XCSwiftPackageProductDependency;
			package = DDC62A672B11B81C008974A7 /* XCRemoteSwiftPackageReference "SnapKit" */;
			productName = SnapKit;
		};
		DDC62A6A2B11B81C008974A7 /* SnapKit-Dynamic */ = {
			isa = XCSwiftPackageProductDependency;
			package = DDC62A672B11B81C008974A7 /* XCRemoteSwiftPackageReference "SnapKit" */;
			productName = "SnapKit-Dynamic";
		};
		DDC62A6D2B11B843008974A7 /* Alamofire */ = {
			isa = XCSwiftPackageProductDependency;
			package = DDC62A6C2B11B843008974A7 /* XCRemoteSwiftPackageReference "Alamofire" */;
			productName = Alamofire;
		};
/* End XCSwiftPackageProductDependency section */
	};
	rootObject = DDBC30BE2B11B77F00686A9B /* Project object */;
}
