// !$*UTF8*$!
{
	archiveVersion = 1;
	classes = {
	};
	objectVersion = 56;
	objects = {

/* Begin PBXBuildFile section */
		320404072B11EB5B004C6280 /* HomeViewController.swift in Sources */ = {isa = PBXBuildFile; fileRef = 320404062B11EB5B004C6280 /* HomeViewController.swift */; };
		320404092B121BE6004C6280 /* HomeView.swift in Sources */ = {isa = PBXBuildFile; fileRef = 320404082B121BE6004C6280 /* HomeView.swift */; };
		3204040B2B123C71004C6280 /* MakingTeamView.swift in Sources */ = {isa = PBXBuildFile; fileRef = 3204040A2B123C71004C6280 /* MakingTeamView.swift */; };
		3204040E2B12583D004C6280 /* CustomAlertView.swift in Sources */ = {isa = PBXBuildFile; fileRef = 3204040D2B12583D004C6280 /* CustomAlertView.swift */; };
		320404102B126370004C6280 /* AlertView.swift in Sources */ = {isa = PBXBuildFile; fileRef = 3204040F2B126370004C6280 /* AlertView.swift */; };
		320404122B1274D1004C6280 /* HideKeyboardExtension.swift in Sources */ = {isa = PBXBuildFile; fileRef = 320404112B1274D1004C6280 /* HideKeyboardExtension.swift */; };
		320404142B127925004C6280 /* AcceptTimeView.swift in Sources */ = {isa = PBXBuildFile; fileRef = 320404132B127925004C6280 /* AcceptTimeView.swift */; };
		320404162B127F4E004C6280 /* CustomAcceptAlertView.swift in Sources */ = {isa = PBXBuildFile; fileRef = 320404152B127F4E004C6280 /* CustomAcceptAlertView.swift */; };
		3204041D2B1290C2004C6280 /* NewTeamModel.swift in Sources */ = {isa = PBXBuildFile; fileRef = 3204041C2B1290C2004C6280 /* NewTeamModel.swift */; };
		3204041F2B12967F004C6280 /* NetworkErrorAlertView.swift in Sources */ = {isa = PBXBuildFile; fileRef = 3204041E2B12967F004C6280 /* NetworkErrorAlertView.swift */; };
		94F2CB9D2B11E66C00DC2527 /* LoginViewController.swift in Sources */ = {isa = PBXBuildFile; fileRef = 94F2CB9C2B11E66C00DC2527 /* LoginViewController.swift */; };
		94F2CB9F2B12091400DC2527 /* OnboardingViewController.swift in Sources */ = {isa = PBXBuildFile; fileRef = 94F2CB9E2B12091400DC2527 /* OnboardingViewController.swift */; };
		94F2CBA22B1216C600DC2527 /* AddNewMeetingViewController.swift in Sources */ = {isa = PBXBuildFile; fileRef = 94F2CBA12B1216C600DC2527 /* AddNewMeetingViewController.swift */; };
		94F2CBA72B1220C100DC2527 /* PretendardVariable.ttf in Resources */ = {isa = PBXBuildFile; fileRef = 94F2CBA62B1220C100DC2527 /* PretendardVariable.ttf */; };
		94F2CBAB2B12351600DC2527 /* AddMeetingDateViewController.swift in Sources */ = {isa = PBXBuildFile; fileRef = 94F2CBAA2B12351600DC2527 /* AddMeetingDateViewController.swift */; };
		94F2CBC82B12799700DC2527 /* LoginModel.swift in Sources */ = {isa = PBXBuildFile; fileRef = 94F2CBC72B12799700DC2527 /* LoginModel.swift */; };
		94F2CBCB2B12857900DC2527 /* TeamModel.swift in Sources */ = {isa = PBXBuildFile; fileRef = 94F2CBCA2B12857800DC2527 /* TeamModel.swift */; };
		DD8B80992B126ED700DAA68B /* EmptyMeetVC.swift in Sources */ = {isa = PBXBuildFile; fileRef = DD8B80902B126ED600DAA68B /* EmptyMeetVC.swift */; };
		DD8B809A2B126ED700DAA68B /* NewNoticePopUpVC.swift in Sources */ = {isa = PBXBuildFile; fileRef = DD8B80912B126ED600DAA68B /* NewNoticePopUpVC.swift */; };
		DD8B809B2B126ED700DAA68B /* PreviousMeetTableViewCell.swift in Sources */ = {isa = PBXBuildFile; fileRef = DD8B80932B126ED600DAA68B /* PreviousMeetTableViewCell.swift */; };
		DD8B809C2B126ED700DAA68B /* MyTeamTableViewCell.swift in Sources */ = {isa = PBXBuildFile; fileRef = DD8B80942B126ED600DAA68B /* MyTeamTableViewCell.swift */; };
		DD8B809D2B126ED700DAA68B /* VotedTeamMemberCollectionViewCell.swift in Sources */ = {isa = PBXBuildFile; fileRef = DD8B80952B126ED600DAA68B /* VotedTeamMemberCollectionViewCell.swift */; };
		DD8B809E2B126ED700DAA68B /* WaitTimeSelectVC.swift in Sources */ = {isa = PBXBuildFile; fileRef = DD8B80962B126ED600DAA68B /* WaitTimeSelectVC.swift */; };
		DD8B809F2B126ED700DAA68B /* MyTeamVC.swift in Sources */ = {isa = PBXBuildFile; fileRef = DD8B80972B126ED600DAA68B /* MyTeamVC.swift */; };
		DD8B80A02B126ED700DAA68B /* MyTeamDetailVC.swift in Sources */ = {isa = PBXBuildFile; fileRef = DD8B80982B126ED600DAA68B /* MyTeamDetailVC.swift */; };
		DD8B80A42B126F3200DAA68B /* GoogleService-Info.plist in Resources */ = {isa = PBXBuildFile; fileRef = DD8B80A32B126F3200DAA68B /* GoogleService-Info.plist */; };
		DD8B80A72B126F8500DAA68B /* SnapKit in Frameworks */ = {isa = PBXBuildFile; productRef = DD8B80A62B126F8500DAA68B /* SnapKit */; };
		DD8B80AA2B12702400DAA68B /* FirebaseAnalytics in Frameworks */ = {isa = PBXBuildFile; productRef = DD8B80A92B12702400DAA68B /* FirebaseAnalytics */; };
		DD8B80AC2B12702400DAA68B /* FirebaseAnalyticsOnDeviceConversion in Frameworks */ = {isa = PBXBuildFile; productRef = DD8B80AB2B12702400DAA68B /* FirebaseAnalyticsOnDeviceConversion */; };
		DD8B80AE2B12702400DAA68B /* FirebaseAnalyticsSwift in Frameworks */ = {isa = PBXBuildFile; productRef = DD8B80AD2B12702400DAA68B /* FirebaseAnalyticsSwift */; };
		DD8B80B02B12702400DAA68B /* FirebaseAnalyticsWithoutAdIdSupport in Frameworks */ = {isa = PBXBuildFile; productRef = DD8B80AF2B12702400DAA68B /* FirebaseAnalyticsWithoutAdIdSupport */; };
		DD8B80B22B12702400DAA68B /* FirebaseAppCheck in Frameworks */ = {isa = PBXBuildFile; productRef = DD8B80B12B12702400DAA68B /* FirebaseAppCheck */; };
		DD8B80B42B12702400DAA68B /* FirebaseMessaging in Frameworks */ = {isa = PBXBuildFile; productRef = DD8B80B32B12702400DAA68B /* FirebaseMessaging */; };
		DD8B80B72B1285CC00DAA68B /* TeamTableViewCell.swift in Sources */ = {isa = PBXBuildFile; fileRef = DD8B80B62B1285CC00DAA68B /* TeamTableViewCell.swift */; };
		DDBC30CA2B11B77F00686A9B /* AppDelegate.swift in Sources */ = {isa = PBXBuildFile; fileRef = DDBC30C92B11B77F00686A9B /* AppDelegate.swift */; };
		DDBC30CC2B11B77F00686A9B /* SceneDelegate.swift in Sources */ = {isa = PBXBuildFile; fileRef = DDBC30CB2B11B77F00686A9B /* SceneDelegate.swift */; };
		DDBC30D62B11B78100686A9B /* LaunchScreen.storyboard in Resources */ = {isa = PBXBuildFile; fileRef = DDBC30D42B11B78100686A9B /* LaunchScreen.storyboard */; };
		DDC1259A2B126E8F00A9BDAE /* Assets.xcassets in Resources */ = {isa = PBXBuildFile; fileRef = DDC125992B126E8F00A9BDAE /* Assets.xcassets */; };
		DDC62A632B11B807008974A7 /* Kingfisher in Frameworks */ = {isa = PBXBuildFile; productRef = DDC62A622B11B807008974A7 /* Kingfisher */; };
		DDC62A662B11B812008974A7 /* Then in Frameworks */ = {isa = PBXBuildFile; productRef = DDC62A652B11B812008974A7 /* Then */; };
		DDC62A6E2B11B843008974A7 /* Alamofire in Frameworks */ = {isa = PBXBuildFile; productRef = DDC62A6D2B11B843008974A7 /* Alamofire */; };
		DDC62A732B11C501008974A7 /* APIManager.swift in Sources */ = {isa = PBXBuildFile; fileRef = DDC62A722B11C501008974A7 /* APIManager.swift */; };
		DDC62A752B11C564008974A7 /* APIModel.swift in Sources */ = {isa = PBXBuildFile; fileRef = DDC62A742B11C564008974A7 /* APIModel.swift */; };
		DDC62A772B11C573008974A7 /* APIConstant.swift in Sources */ = {isa = PBXBuildFile; fileRef = DDC62A762B11C573008974A7 /* APIConstant.swift */; };
		DDC62A7A2B11C767008974A7 /* Token.swift in Sources */ = {isa = PBXBuildFile; fileRef = DDC62A792B11C767008974A7 /* Token.swift */; };
		DDC62A7E2B11D95D008974A7 /* ColorData.swift in Sources */ = {isa = PBXBuildFile; fileRef = DDC62A7D2B11D95D008974A7 /* ColorData.swift */; };
		DDC62A822B11DFF2008974A7 /* FontData.swift in Sources */ = {isa = PBXBuildFile; fileRef = DDC62A812B11DFF2008974A7 /* FontData.swift */; };
		DDC62A872B11E3A4008974A7 /* UIViewController+.swift in Sources */ = {isa = PBXBuildFile; fileRef = DDC62A862B11E3A4008974A7 /* UIViewController+.swift */; };
		DDC62A892B11E3E7008974A7 /* UIScrollView+.swift in Sources */ = {isa = PBXBuildFile; fileRef = DDC62A882B11E3E7008974A7 /* UIScrollView+.swift */; };
		DDC62A8B2B11E3FB008974A7 /* UIImage+.swift in Sources */ = {isa = PBXBuildFile; fileRef = DDC62A8A2B11E3FB008974A7 /* UIImage+.swift */; };
		DDC62A8D2B11E40F008974A7 /* UIColor+.swift in Sources */ = {isa = PBXBuildFile; fileRef = DDC62A8C2B11E40F008974A7 /* UIColor+.swift */; };
		DDC62A8F2B11E433008974A7 /* UIView+.swift in Sources */ = {isa = PBXBuildFile; fileRef = DDC62A8E2B11E433008974A7 /* UIView+.swift */; };
		DDC62A912B12165B008974A7 /* TabBarController.swift in Sources */ = {isa = PBXBuildFile; fileRef = DDC62A902B12165B008974A7 /* TabBarController.swift */; };
		DDC62A992B1216C7008974A7 /* MainVC.swift in Sources */ = {isa = PBXBuildFile; fileRef = DDC62A982B1216C7008974A7 /* MainVC.swift */; };
		DDC62A9C2B1216DC008974A7 /* NoticeVC.swift in Sources */ = {isa = PBXBuildFile; fileRef = DDC62A9B2B1216DC008974A7 /* NoticeVC.swift */; };
/* End PBXBuildFile section */

/* Begin PBXFileReference section */
		320404062B11EB5B004C6280 /* HomeViewController.swift */ = {isa = PBXFileReference; lastKnownFileType = sourcecode.swift; path = HomeViewController.swift; sourceTree = "<group>"; };
		320404082B121BE6004C6280 /* HomeView.swift */ = {isa = PBXFileReference; lastKnownFileType = sourcecode.swift; path = HomeView.swift; sourceTree = "<group>"; };
		3204040A2B123C71004C6280 /* MakingTeamView.swift */ = {isa = PBXFileReference; lastKnownFileType = sourcecode.swift; path = MakingTeamView.swift; sourceTree = "<group>"; };
		3204040D2B12583D004C6280 /* CustomAlertView.swift */ = {isa = PBXFileReference; lastKnownFileType = sourcecode.swift; path = CustomAlertView.swift; sourceTree = "<group>"; };
		3204040F2B126370004C6280 /* AlertView.swift */ = {isa = PBXFileReference; lastKnownFileType = sourcecode.swift; path = AlertView.swift; sourceTree = "<group>"; };
		320404112B1274D1004C6280 /* HideKeyboardExtension.swift */ = {isa = PBXFileReference; lastKnownFileType = sourcecode.swift; path = HideKeyboardExtension.swift; sourceTree = "<group>"; };
		320404132B127925004C6280 /* AcceptTimeView.swift */ = {isa = PBXFileReference; lastKnownFileType = sourcecode.swift; path = AcceptTimeView.swift; sourceTree = "<group>"; };
		320404152B127F4E004C6280 /* CustomAcceptAlertView.swift */ = {isa = PBXFileReference; lastKnownFileType = sourcecode.swift; path = CustomAcceptAlertView.swift; sourceTree = "<group>"; };
		3204041C2B1290C2004C6280 /* NewTeamModel.swift */ = {isa = PBXFileReference; lastKnownFileType = sourcecode.swift; path = NewTeamModel.swift; sourceTree = "<group>"; };
		3204041E2B12967F004C6280 /* NetworkErrorAlertView.swift */ = {isa = PBXFileReference; lastKnownFileType = sourcecode.swift; path = NetworkErrorAlertView.swift; sourceTree = "<group>"; };
		94F2CB9C2B11E66C00DC2527 /* LoginViewController.swift */ = {isa = PBXFileReference; lastKnownFileType = sourcecode.swift; path = LoginViewController.swift; sourceTree = "<group>"; };
		94F2CB9E2B12091400DC2527 /* OnboardingViewController.swift */ = {isa = PBXFileReference; lastKnownFileType = sourcecode.swift; path = OnboardingViewController.swift; sourceTree = "<group>"; };
		94F2CBA12B1216C600DC2527 /* AddNewMeetingViewController.swift */ = {isa = PBXFileReference; lastKnownFileType = sourcecode.swift; path = AddNewMeetingViewController.swift; sourceTree = "<group>"; };
		94F2CBA62B1220C100DC2527 /* PretendardVariable.ttf */ = {isa = PBXFileReference; lastKnownFileType = file; path = PretendardVariable.ttf; sourceTree = "<group>"; };
		94F2CBAA2B12351600DC2527 /* AddMeetingDateViewController.swift */ = {isa = PBXFileReference; lastKnownFileType = sourcecode.swift; path = AddMeetingDateViewController.swift; sourceTree = "<group>"; };
		94F2CBB92B124FE000DC2527 /* ETA.entitlements */ = {isa = PBXFileReference; lastKnownFileType = text.plist.entitlements; path = ETA.entitlements; sourceTree = "<group>"; };
		94F2CBC72B12799700DC2527 /* LoginModel.swift */ = {isa = PBXFileReference; lastKnownFileType = sourcecode.swift; path = LoginModel.swift; sourceTree = "<group>"; };
		94F2CBCA2B12857800DC2527 /* TeamModel.swift */ = {isa = PBXFileReference; lastKnownFileType = sourcecode.swift; path = TeamModel.swift; sourceTree = "<group>"; };
		DD8B80902B126ED600DAA68B /* EmptyMeetVC.swift */ = {isa = PBXFileReference; fileEncoding = 4; lastKnownFileType = sourcecode.swift; path = EmptyMeetVC.swift; sourceTree = "<group>"; };
		DD8B80912B126ED600DAA68B /* NewNoticePopUpVC.swift */ = {isa = PBXFileReference; fileEncoding = 4; lastKnownFileType = sourcecode.swift; path = NewNoticePopUpVC.swift; sourceTree = "<group>"; };
		DD8B80932B126ED600DAA68B /* PreviousMeetTableViewCell.swift */ = {isa = PBXFileReference; fileEncoding = 4; lastKnownFileType = sourcecode.swift; path = PreviousMeetTableViewCell.swift; sourceTree = "<group>"; };
		DD8B80942B126ED600DAA68B /* MyTeamTableViewCell.swift */ = {isa = PBXFileReference; fileEncoding = 4; lastKnownFileType = sourcecode.swift; path = MyTeamTableViewCell.swift; sourceTree = "<group>"; };
		DD8B80952B126ED600DAA68B /* VotedTeamMemberCollectionViewCell.swift */ = {isa = PBXFileReference; fileEncoding = 4; lastKnownFileType = sourcecode.swift; path = VotedTeamMemberCollectionViewCell.swift; sourceTree = "<group>"; };
		DD8B80962B126ED600DAA68B /* WaitTimeSelectVC.swift */ = {isa = PBXFileReference; fileEncoding = 4; lastKnownFileType = sourcecode.swift; path = WaitTimeSelectVC.swift; sourceTree = "<group>"; };
		DD8B80972B126ED600DAA68B /* MyTeamVC.swift */ = {isa = PBXFileReference; fileEncoding = 4; lastKnownFileType = sourcecode.swift; path = MyTeamVC.swift; sourceTree = "<group>"; };
		DD8B80982B126ED600DAA68B /* MyTeamDetailVC.swift */ = {isa = PBXFileReference; fileEncoding = 4; lastKnownFileType = sourcecode.swift; path = MyTeamDetailVC.swift; sourceTree = "<group>"; };
		DD8B80A32B126F3200DAA68B /* GoogleService-Info.plist */ = {isa = PBXFileReference; fileEncoding = 4; lastKnownFileType = text.plist.xml; path = "GoogleService-Info.plist"; sourceTree = "<group>"; };
		DD8B80B62B1285CC00DAA68B /* TeamTableViewCell.swift */ = {isa = PBXFileReference; lastKnownFileType = sourcecode.swift; path = TeamTableViewCell.swift; sourceTree = "<group>"; };
		DDBC30C62B11B77F00686A9B /* ETA.app */ = {isa = PBXFileReference; explicitFileType = wrapper.application; includeInIndex = 0; path = ETA.app; sourceTree = BUILT_PRODUCTS_DIR; };
		DDBC30C92B11B77F00686A9B /* AppDelegate.swift */ = {isa = PBXFileReference; lastKnownFileType = sourcecode.swift; path = AppDelegate.swift; sourceTree = "<group>"; };
		DDBC30CB2B11B77F00686A9B /* SceneDelegate.swift */ = {isa = PBXFileReference; lastKnownFileType = sourcecode.swift; path = SceneDelegate.swift; sourceTree = "<group>"; };
		DDBC30D52B11B78100686A9B /* Base */ = {isa = PBXFileReference; lastKnownFileType = file.storyboard; name = Base; path = Base.lproj/LaunchScreen.storyboard; sourceTree = "<group>"; };
		DDBC30D72B11B78100686A9B /* Info.plist */ = {isa = PBXFileReference; lastKnownFileType = text.plist.xml; path = Info.plist; sourceTree = "<group>"; };
		DDC125992B126E8F00A9BDAE /* Assets.xcassets */ = {isa = PBXFileReference; lastKnownFileType = folder.assetcatalog; name = Assets.xcassets; path = Font/Assets.xcassets; sourceTree = "<group>"; };
		DDC62A722B11C501008974A7 /* APIManager.swift */ = {isa = PBXFileReference; lastKnownFileType = sourcecode.swift; path = APIManager.swift; sourceTree = "<group>"; };
		DDC62A742B11C564008974A7 /* APIModel.swift */ = {isa = PBXFileReference; lastKnownFileType = sourcecode.swift; path = APIModel.swift; sourceTree = "<group>"; };
		DDC62A762B11C573008974A7 /* APIConstant.swift */ = {isa = PBXFileReference; lastKnownFileType = sourcecode.swift; path = APIConstant.swift; sourceTree = "<group>"; };
		DDC62A792B11C767008974A7 /* Token.swift */ = {isa = PBXFileReference; lastKnownFileType = sourcecode.swift; path = Token.swift; sourceTree = "<group>"; };
		DDC62A7D2B11D95D008974A7 /* ColorData.swift */ = {isa = PBXFileReference; lastKnownFileType = sourcecode.swift; path = ColorData.swift; sourceTree = "<group>"; };
		DDC62A812B11DFF2008974A7 /* FontData.swift */ = {isa = PBXFileReference; lastKnownFileType = sourcecode.swift; path = FontData.swift; sourceTree = "<group>"; };
		DDC62A862B11E3A4008974A7 /* UIViewController+.swift */ = {isa = PBXFileReference; lastKnownFileType = sourcecode.swift; path = "UIViewController+.swift"; sourceTree = "<group>"; };
		DDC62A882B11E3E7008974A7 /* UIScrollView+.swift */ = {isa = PBXFileReference; lastKnownFileType = sourcecode.swift; path = "UIScrollView+.swift"; sourceTree = "<group>"; };
		DDC62A8A2B11E3FB008974A7 /* UIImage+.swift */ = {isa = PBXFileReference; lastKnownFileType = sourcecode.swift; path = "UIImage+.swift"; sourceTree = "<group>"; };
		DDC62A8C2B11E40F008974A7 /* UIColor+.swift */ = {isa = PBXFileReference; lastKnownFileType = sourcecode.swift; path = "UIColor+.swift"; sourceTree = "<group>"; };
		DDC62A8E2B11E433008974A7 /* UIView+.swift */ = {isa = PBXFileReference; lastKnownFileType = sourcecode.swift; path = "UIView+.swift"; sourceTree = "<group>"; };
		DDC62A902B12165B008974A7 /* TabBarController.swift */ = {isa = PBXFileReference; lastKnownFileType = sourcecode.swift; path = TabBarController.swift; sourceTree = "<group>"; };
		DDC62A982B1216C7008974A7 /* MainVC.swift */ = {isa = PBXFileReference; lastKnownFileType = sourcecode.swift; path = MainVC.swift; sourceTree = "<group>"; };
		DDC62A9B2B1216DC008974A7 /* NoticeVC.swift */ = {isa = PBXFileReference; lastKnownFileType = sourcecode.swift; path = NoticeVC.swift; sourceTree = "<group>"; };
/* End PBXFileReference section */

/* Begin PBXFrameworksBuildPhase section */
		DDBC30C32B11B77F00686A9B /* Frameworks */ = {
			isa = PBXFrameworksBuildPhase;
			buildActionMask = 2147483647;
			files = (
				DDC62A6E2B11B843008974A7 /* Alamofire in Frameworks */,
				DD8B80AC2B12702400DAA68B /* FirebaseAnalyticsOnDeviceConversion in Frameworks */,
				DD8B80B42B12702400DAA68B /* FirebaseMessaging in Frameworks */,
				DDC62A632B11B807008974A7 /* Kingfisher in Frameworks */,
				DDC62A662B11B812008974A7 /* Then in Frameworks */,
				DD8B80AE2B12702400DAA68B /* FirebaseAnalyticsSwift in Frameworks */,
				DD8B80AA2B12702400DAA68B /* FirebaseAnalytics in Frameworks */,
				DD8B80A72B126F8500DAA68B /* SnapKit in Frameworks */,
				DD8B80B22B12702400DAA68B /* FirebaseAppCheck in Frameworks */,
				DD8B80B02B12702400DAA68B /* FirebaseAnalyticsWithoutAdIdSupport in Frameworks */,
			);
			runOnlyForDeploymentPostprocessing = 0;
		};
/* End PBXFrameworksBuildPhase section */

/* Begin PBXGroup section */
		320404172B128F71004C6280 /* NewTeam */ = {
			isa = PBXGroup;
			children = (
				3204041B2B1290A1004C6280 /* Model */,
				320404112B1274D1004C6280 /* HideKeyboardExtension.swift */,
				3204040D2B12583D004C6280 /* CustomAlertView.swift */,
				3204040F2B126370004C6280 /* AlertView.swift */,
				3204040A2B123C71004C6280 /* MakingTeamView.swift */,
				3204041E2B12967F004C6280 /* NetworkErrorAlertView.swift */,
			);
			path = NewTeam;
			sourceTree = "<group>";
		};
		320404192B128FB8004C6280 /* Home */ = {
			isa = PBXGroup;
			children = (
				320404062B11EB5B004C6280 /* HomeViewController.swift */,
				320404082B121BE6004C6280 /* HomeView.swift */,
			);
			path = Home;
			sourceTree = "<group>";
		};
		3204041A2B128FD8004C6280 /* AcceptTime */ = {
			isa = PBXGroup;
			children = (
				320404132B127925004C6280 /* AcceptTimeView.swift */,
				320404152B127F4E004C6280 /* CustomAcceptAlertView.swift */,
			);
			path = AcceptTime;
			sourceTree = "<group>";
		};
		3204041B2B1290A1004C6280 /* Model */ = {
			isa = PBXGroup;
			children = (
				3204041C2B1290C2004C6280 /* NewTeamModel.swift */,
			);
			path = Model;
			sourceTree = "<group>";
		};
		94F2CB9B2B11E64F00DC2527 /* Login */ = {
			isa = PBXGroup;
			children = (
				94F2CBC62B12798000DC2527 /* Model */,
				94F2CB9C2B11E66C00DC2527 /* LoginViewController.swift */,
				94F2CB9E2B12091400DC2527 /* OnboardingViewController.swift */,
			);
			path = Login;
			sourceTree = "<group>";
		};
		94F2CBA02B12168A00DC2527 /* NewMeeting */ = {
			isa = PBXGroup;
			children = (
				94F2CBA12B1216C600DC2527 /* AddNewMeetingViewController.swift */,
				94F2CBAA2B12351600DC2527 /* AddMeetingDateViewController.swift */,
			);
			path = NewMeeting;
			sourceTree = "<group>";
		};
		94F2CBC62B12798000DC2527 /* Model */ = {
			isa = PBXGroup;
			children = (
				94F2CBC72B12799700DC2527 /* LoginModel.swift */,
			);
			path = Model;
			sourceTree = "<group>";
		};
		94F2CBC92B12855D00DC2527 /* TeamModel */ = {
			isa = PBXGroup;
			children = (
				94F2CBCA2B12857800DC2527 /* TeamModel.swift */,
			);
			path = TeamModel;
			sourceTree = "<group>";
		};
		DD8B808F2B126ED600DAA68B /* MyTeam */ = {
			isa = PBXGroup;
			children = (
				94F2CBC92B12855D00DC2527 /* TeamModel */,
				DD8B80902B126ED600DAA68B /* EmptyMeetVC.swift */,
				DD8B80912B126ED600DAA68B /* NewNoticePopUpVC.swift */,
				DD8B80962B126ED600DAA68B /* WaitTimeSelectVC.swift */,
				DD8B80972B126ED600DAA68B /* MyTeamVC.swift */,
				DD8B80982B126ED600DAA68B /* MyTeamDetailVC.swift */,
				DD8B80922B126ED600DAA68B /* Cell */,
			);
			path = MyTeam;
			sourceTree = "<group>";
		};
		DD8B80922B126ED600DAA68B /* Cell */ = {
			isa = PBXGroup;
			children = (
				DD8B80932B126ED600DAA68B /* PreviousMeetTableViewCell.swift */,
				DD8B80942B126ED600DAA68B /* MyTeamTableViewCell.swift */,
				DD8B80952B126ED600DAA68B /* VotedTeamMemberCollectionViewCell.swift */,
			);
			path = Cell;
			sourceTree = "<group>";
		};
		DD8B80B52B1285B600DAA68B /* Cell */ = {
			isa = PBXGroup;
			children = (
				DD8B80B62B1285CC00DAA68B /* TeamTableViewCell.swift */,
			);
			path = Cell;
			sourceTree = "<group>";
		};
		DDBC30BD2B11B77F00686A9B = {
			isa = PBXGroup;
			children = (
				DDBC30C82B11B77F00686A9B /* ETA */,
				DDBC30C72B11B77F00686A9B /* Products */,
			);
			sourceTree = "<group>";
		};
		DDBC30C72B11B77F00686A9B /* Products */ = {
			isa = PBXGroup;
			children = (
				DDBC30C62B11B77F00686A9B /* ETA.app */,
			);
			name = Products;
			sourceTree = "<group>";
		};
		DDBC30C82B11B77F00686A9B /* ETA */ = {
			isa = PBXGroup;
			children = (
				94F2CBB92B124FE000DC2527 /* ETA.entitlements */,
				DDBC30C92B11B77F00686A9B /* AppDelegate.swift */,
				DDBC30CB2B11B77F00686A9B /* SceneDelegate.swift */,
				DDC62A782B11C614008974A7 /* Token */,
				DDC62A712B11C4EA008974A7 /* Network */,
				DDC62A702B11C3FB008974A7 /* Resource */,
				DDC62A6F2B11C3F3008974A7 /* Source */,
				DDBC30D72B11B78100686A9B /* Info.plist */,
			);
			path = ETA;
			sourceTree = "<group>";
		};
		DDC62A6F2B11C3F3008974A7 /* Source */ = {
			isa = PBXGroup;
			children = (
				3204041A2B128FD8004C6280 /* AcceptTime */,
				320404192B128FB8004C6280 /* Home */,
				320404172B128F71004C6280 /* NewTeam */,
				DD8B808F2B126ED600DAA68B /* MyTeam */,
				94F2CBA02B12168A00DC2527 /* NewMeeting */,
				DDC62A902B12165B008974A7 /* TabBarController.swift */,
				DDC62A9A2B1216CC008974A7 /* Notice */,
				DDC62A942B121691008974A7 /* Main */,
				94F2CB9B2B11E64F00DC2527 /* Login */,
				DDBC30D42B11B78100686A9B /* LaunchScreen.storyboard */,
			);
			path = Source;
			sourceTree = "<group>";
		};
		DDC62A702B11C3FB008974A7 /* Resource */ = {
			isa = PBXGroup;
			children = (
				DDC125992B126E8F00A9BDAE /* Assets.xcassets */,
				DD8B80A32B126F3200DAA68B /* GoogleService-Info.plist */,
				DDC62A852B11E37C008974A7 /* Extension */,
				DDC62A7C2B11D6FD008974A7 /* Data */,
				DDC62A7B2B11D6F6008974A7 /* Font */,
			);
			path = Resource;
			sourceTree = "<group>";
		};
		DDC62A712B11C4EA008974A7 /* Network */ = {
			isa = PBXGroup;
			children = (
				DDC62A722B11C501008974A7 /* APIManager.swift */,
				DDC62A742B11C564008974A7 /* APIModel.swift */,
				DDC62A762B11C573008974A7 /* APIConstant.swift */,
			);
			path = Network;
			sourceTree = "<group>";
		};
		DDC62A782B11C614008974A7 /* Token */ = {
			isa = PBXGroup;
			children = (
				DDC62A792B11C767008974A7 /* Token.swift */,
			);
			path = Token;
			sourceTree = "<group>";
		};
		DDC62A7B2B11D6F6008974A7 /* Font */ = {
			isa = PBXGroup;
			children = (
				94F2CBA62B1220C100DC2527 /* PretendardVariable.ttf */,
			);
			path = Font;
			sourceTree = "<group>";
		};
		DDC62A7C2B11D6FD008974A7 /* Data */ = {
			isa = PBXGroup;
			children = (
				DDC62A7D2B11D95D008974A7 /* ColorData.swift */,
				DDC62A812B11DFF2008974A7 /* FontData.swift */,
			);
			path = Data;
			sourceTree = "<group>";
		};
		DDC62A852B11E37C008974A7 /* Extension */ = {
			isa = PBXGroup;
			children = (
				DDC62A862B11E3A4008974A7 /* UIViewController+.swift */,
				DDC62A882B11E3E7008974A7 /* UIScrollView+.swift */,
				DDC62A8A2B11E3FB008974A7 /* UIImage+.swift */,
				DDC62A8C2B11E40F008974A7 /* UIColor+.swift */,
				DDC62A8E2B11E433008974A7 /* UIView+.swift */,
			);
			path = Extension;
			sourceTree = "<group>";
		};
		DDC62A942B121691008974A7 /* Main */ = {
			isa = PBXGroup;
			children = (
				DDC62A982B1216C7008974A7 /* MainVC.swift */,
			);
			path = Main;
			sourceTree = "<group>";
		};
		DDC62A9A2B1216CC008974A7 /* Notice */ = {
			isa = PBXGroup;
			children = (
				DDC62A9B2B1216DC008974A7 /* NoticeVC.swift */,
				DD8B80B52B1285B600DAA68B /* Cell */,
			);
			path = Notice;
			sourceTree = "<group>";
		};
/* End PBXGroup section */

/* Begin PBXNativeTarget section */
		DDBC30C52B11B77F00686A9B /* ETA */ = {
			isa = PBXNativeTarget;
			buildConfigurationList = DDBC30DA2B11B78100686A9B /* Build configuration list for PBXNativeTarget "ETA" */;
			buildPhases = (
				DDBC30C22B11B77F00686A9B /* Sources */,
				DDBC30C32B11B77F00686A9B /* Frameworks */,
				DDBC30C42B11B77F00686A9B /* Resources */,
			);
			buildRules = (
			);
			dependencies = (
			);
			name = ETA;
			packageProductDependencies = (
				DDC62A622B11B807008974A7 /* Kingfisher */,
				DDC62A652B11B812008974A7 /* Then */,
				DDC62A6D2B11B843008974A7 /* Alamofire */,
				DD8B80A62B126F8500DAA68B /* SnapKit */,
				DD8B80A92B12702400DAA68B /* FirebaseAnalytics */,
				DD8B80AB2B12702400DAA68B /* FirebaseAnalyticsOnDeviceConversion */,
				DD8B80AD2B12702400DAA68B /* FirebaseAnalyticsSwift */,
				DD8B80AF2B12702400DAA68B /* FirebaseAnalyticsWithoutAdIdSupport */,
				DD8B80B12B12702400DAA68B /* FirebaseAppCheck */,
				DD8B80B32B12702400DAA68B /* FirebaseMessaging */,
			);
			productName = ETA;
			productReference = DDBC30C62B11B77F00686A9B /* ETA.app */;
			productType = "com.apple.product-type.application";
		};
/* End PBXNativeTarget section */

/* Begin PBXProject section */
		DDBC30BE2B11B77F00686A9B /* Project object */ = {
			isa = PBXProject;
			attributes = {
				BuildIndependentTargetsInParallel = 1;
				LastSwiftUpdateCheck = 1500;
				LastUpgradeCheck = 1500;
				TargetAttributes = {
					DDBC30C52B11B77F00686A9B = {
						CreatedOnToolsVersion = 15.0;
					};
				};
			};
			buildConfigurationList = DDBC30C12B11B77F00686A9B /* Build configuration list for PBXProject "ETA" */;
			compatibilityVersion = "Xcode 14.0";
			developmentRegion = en;
			hasScannedForEncodings = 0;
			knownRegions = (
				en,
				Base,
			);
			mainGroup = DDBC30BD2B11B77F00686A9B;
			packageReferences = (
				DDC62A612B11B807008974A7 /* XCRemoteSwiftPackageReference "Kingfisher" */,
				DDC62A642B11B812008974A7 /* XCRemoteSwiftPackageReference "Then" */,
				DDC62A6C2B11B843008974A7 /* XCRemoteSwiftPackageReference "Alamofire" */,
				DD8B80A52B126F8500DAA68B /* XCRemoteSwiftPackageReference "SnapKit" */,
				DD8B80A82B12702400DAA68B /* XCRemoteSwiftPackageReference "firebase-ios-sdk" */,
			);
			productRefGroup = DDBC30C72B11B77F00686A9B /* Products */;
			projectDirPath = "";
			projectRoot = "";
			targets = (
				DDBC30C52B11B77F00686A9B /* ETA */,
			);
		};
/* End PBXProject section */

/* Begin PBXResourcesBuildPhase section */
		DDBC30C42B11B77F00686A9B /* Resources */ = {
			isa = PBXResourcesBuildPhase;
			buildActionMask = 2147483647;
			files = (
				DDBC30D62B11B78100686A9B /* LaunchScreen.storyboard in Resources */,
				DD8B80A42B126F3200DAA68B /* GoogleService-Info.plist in Resources */,
				DDC1259A2B126E8F00A9BDAE /* Assets.xcassets in Resources */,
				94F2CBA72B1220C100DC2527 /* PretendardVariable.ttf in Resources */,
			);
			runOnlyForDeploymentPostprocessing = 0;
		};
/* End PBXResourcesBuildPhase section */

/* Begin PBXSourcesBuildPhase section */
		DDBC30C22B11B77F00686A9B /* Sources */ = {
			isa = PBXSourcesBuildPhase;
			buildActionMask = 2147483647;
			files = (
				3204040E2B12583D004C6280 /* CustomAlertView.swift in Sources */,
				DD8B809E2B126ED700DAA68B /* WaitTimeSelectVC.swift in Sources */,
				94F2CBCB2B12857900DC2527 /* TeamModel.swift in Sources */,
				DDC62A9C2B1216DC008974A7 /* NoticeVC.swift in Sources */,
				DDC62A732B11C501008974A7 /* APIManager.swift in Sources */,
				DD8B809F2B126ED700DAA68B /* MyTeamVC.swift in Sources */,
				DDC62A912B12165B008974A7 /* TabBarController.swift in Sources */,
				320404122B1274D1004C6280 /* HideKeyboardExtension.swift in Sources */,
				94F2CBAB2B12351600DC2527 /* AddMeetingDateViewController.swift in Sources */,
				DDC62A822B11DFF2008974A7 /* FontData.swift in Sources */,
				DD8B809A2B126ED700DAA68B /* NewNoticePopUpVC.swift in Sources */,
				DDC62A8F2B11E433008974A7 /* UIView+.swift in Sources */,
				DD8B80B72B1285CC00DAA68B /* TeamTableViewCell.swift in Sources */,
				DD8B809B2B126ED700DAA68B /* PreviousMeetTableViewCell.swift in Sources */,
				320404142B127925004C6280 /* AcceptTimeView.swift in Sources */,
				3204041D2B1290C2004C6280 /* NewTeamModel.swift in Sources */,
				94F2CB9D2B11E66C00DC2527 /* LoginViewController.swift in Sources */,
				DDC62A872B11E3A4008974A7 /* UIViewController+.swift in Sources */,
				94F2CBA22B1216C600DC2527 /* AddNewMeetingViewController.swift in Sources */,
				320404162B127F4E004C6280 /* CustomAcceptAlertView.swift in Sources */,
				DDC62A892B11E3E7008974A7 /* UIScrollView+.swift in Sources */,
				3204040B2B123C71004C6280 /* MakingTeamView.swift in Sources */,
				DDC62A7A2B11C767008974A7 /* Token.swift in Sources */,
				DDC62A7E2B11D95D008974A7 /* ColorData.swift in Sources */,
				DDC62A772B11C573008974A7 /* APIConstant.swift in Sources */,
				DDBC30CA2B11B77F00686A9B /* AppDelegate.swift in Sources */,
				320404072B11EB5B004C6280 /* HomeViewController.swift in Sources */,
				DD8B809C2B126ED700DAA68B /* MyTeamTableViewCell.swift in Sources */,
				94F2CB9F2B12091400DC2527 /* OnboardingViewController.swift in Sources */,
				DDC62A8D2B11E40F008974A7 /* UIColor+.swift in Sources */,
				DDC62A992B1216C7008974A7 /* MainVC.swift in Sources */,
				94F2CBC82B12799700DC2527 /* LoginModel.swift in Sources */,
				DDC62A8B2B11E3FB008974A7 /* UIImage+.swift in Sources */,
				320404102B126370004C6280 /* AlertView.swift in Sources */,
				DDBC30CC2B11B77F00686A9B /* SceneDelegate.swift in Sources */,
				DD8B80A02B126ED700DAA68B /* MyTeamDetailVC.swift in Sources */,
				DDC62A752B11C564008974A7 /* APIModel.swift in Sources */,
				320404092B121BE6004C6280 /* HomeView.swift in Sources */,
				3204041F2B12967F004C6280 /* NetworkErrorAlertView.swift in Sources */,
				DD8B809D2B126ED700DAA68B /* VotedTeamMemberCollectionViewCell.swift in Sources */,
				DD8B80992B126ED700DAA68B /* EmptyMeetVC.swift in Sources */,
			);
			runOnlyForDeploymentPostprocessing = 0;
		};
/* End PBXSourcesBuildPhase section */

/* Begin PBXVariantGroup section */
		DDBC30D42B11B78100686A9B /* LaunchScreen.storyboard */ = {
			isa = PBXVariantGroup;
			children = (
				DDBC30D52B11B78100686A9B /* Base */,
			);
			name = LaunchScreen.storyboard;
			sourceTree = "<group>";
		};
/* End PBXVariantGroup section */

/* Begin XCBuildConfiguration section */
		DDBC30D82B11B78100686A9B /* Debug */ = {
			isa = XCBuildConfiguration;
			buildSettings = {
				ALWAYS_SEARCH_USER_PATHS = NO;
				ASSETCATALOG_COMPILER_GENERATE_SWIFT_ASSET_SYMBOL_EXTENSIONS = YES;
				CLANG_ANALYZER_NONNULL = YES;
				CLANG_ANALYZER_NUMBER_OBJECT_CONVERSION = YES_AGGRESSIVE;
				CLANG_CXX_LANGUAGE_STANDARD = "gnu++20";
				CLANG_ENABLE_MODULES = YES;
				CLANG_ENABLE_OBJC_ARC = YES;
				CLANG_ENABLE_OBJC_WEAK = YES;
				CLANG_WARN_BLOCK_CAPTURE_AUTORELEASING = YES;
				CLANG_WARN_BOOL_CONVERSION = YES;
				CLANG_WARN_COMMA = YES;
				CLANG_WARN_CONSTANT_CONVERSION = YES;
				CLANG_WARN_DEPRECATED_OBJC_IMPLEMENTATIONS = YES;
				CLANG_WARN_DIRECT_OBJC_ISA_USAGE = YES_ERROR;
				CLANG_WARN_DOCUMENTATION_COMMENTS = YES;
				CLANG_WARN_EMPTY_BODY = YES;
				CLANG_WARN_ENUM_CONVERSION = YES;
				CLANG_WARN_INFINITE_RECURSION = YES;
				CLANG_WARN_INT_CONVERSION = YES;
				CLANG_WARN_NON_LITERAL_NULL_CONVERSION = YES;
				CLANG_WARN_OBJC_IMPLICIT_RETAIN_SELF = YES;
				CLANG_WARN_OBJC_LITERAL_CONVERSION = YES;
				CLANG_WARN_OBJC_ROOT_CLASS = YES_ERROR;
				CLANG_WARN_QUOTED_INCLUDE_IN_FRAMEWORK_HEADER = YES;
				CLANG_WARN_RANGE_LOOP_ANALYSIS = YES;
				CLANG_WARN_STRICT_PROTOTYPES = YES;
				CLANG_WARN_SUSPICIOUS_MOVE = YES;
				CLANG_WARN_UNGUARDED_AVAILABILITY = YES_AGGRESSIVE;
				CLANG_WARN_UNREACHABLE_CODE = YES;
				CLANG_WARN__DUPLICATE_METHOD_MATCH = YES;
				COPY_PHASE_STRIP = NO;
				DEBUG_INFORMATION_FORMAT = dwarf;
				ENABLE_STRICT_OBJC_MSGSEND = YES;
				ENABLE_TESTABILITY = YES;
				ENABLE_USER_SCRIPT_SANDBOXING = YES;
				GCC_C_LANGUAGE_STANDARD = gnu17;
				GCC_DYNAMIC_NO_PIC = NO;
				GCC_NO_COMMON_BLOCKS = YES;
				GCC_OPTIMIZATION_LEVEL = 0;
				GCC_PREPROCESSOR_DEFINITIONS = (
					"DEBUG=1",
					"$(inherited)",
				);
				GCC_WARN_64_TO_32_BIT_CONVERSION = YES;
				GCC_WARN_ABOUT_RETURN_TYPE = YES_ERROR;
				GCC_WARN_UNDECLARED_SELECTOR = YES;
				GCC_WARN_UNINITIALIZED_AUTOS = YES_AGGRESSIVE;
				GCC_WARN_UNUSED_FUNCTION = YES;
				GCC_WARN_UNUSED_VARIABLE = YES;
				IPHONEOS_DEPLOYMENT_TARGET = 17.0;
				LOCALIZATION_PREFERS_STRING_CATALOGS = YES;
				MTL_ENABLE_DEBUG_INFO = INCLUDE_SOURCE;
				MTL_FAST_MATH = YES;
				ONLY_ACTIVE_ARCH = YES;
				SDKROOT = iphoneos;
				SWIFT_ACTIVE_COMPILATION_CONDITIONS = "DEBUG $(inherited)";
				SWIFT_OPTIMIZATION_LEVEL = "-Onone";
			};
			name = Debug;
		};
		DDBC30D92B11B78100686A9B /* Release */ = {
			isa = XCBuildConfiguration;
			buildSettings = {
				ALWAYS_SEARCH_USER_PATHS = NO;
				ASSETCATALOG_COMPILER_GENERATE_SWIFT_ASSET_SYMBOL_EXTENSIONS = YES;
				CLANG_ANALYZER_NONNULL = YES;
				CLANG_ANALYZER_NUMBER_OBJECT_CONVERSION = YES_AGGRESSIVE;
				CLANG_CXX_LANGUAGE_STANDARD = "gnu++20";
				CLANG_ENABLE_MODULES = YES;
				CLANG_ENABLE_OBJC_ARC = YES;
				CLANG_ENABLE_OBJC_WEAK = YES;
				CLANG_WARN_BLOCK_CAPTURE_AUTORELEASING = YES;
				CLANG_WARN_BOOL_CONVERSION = YES;
				CLANG_WARN_COMMA = YES;
				CLANG_WARN_CONSTANT_CONVERSION = YES;
				CLANG_WARN_DEPRECATED_OBJC_IMPLEMENTATIONS = YES;
				CLANG_WARN_DIRECT_OBJC_ISA_USAGE = YES_ERROR;
				CLANG_WARN_DOCUMENTATION_COMMENTS = YES;
				CLANG_WARN_EMPTY_BODY = YES;
				CLANG_WARN_ENUM_CONVERSION = YES;
				CLANG_WARN_INFINITE_RECURSION = YES;
				CLANG_WARN_INT_CONVERSION = YES;
				CLANG_WARN_NON_LITERAL_NULL_CONVERSION = YES;
				CLANG_WARN_OBJC_IMPLICIT_RETAIN_SELF = YES;
				CLANG_WARN_OBJC_LITERAL_CONVERSION = YES;
				CLANG_WARN_OBJC_ROOT_CLASS = YES_ERROR;
				CLANG_WARN_QUOTED_INCLUDE_IN_FRAMEWORK_HEADER = YES;
				CLANG_WARN_RANGE_LOOP_ANALYSIS = YES;
				CLANG_WARN_STRICT_PROTOTYPES = YES;
				CLANG_WARN_SUSPICIOUS_MOVE = YES;
				CLANG_WARN_UNGUARDED_AVAILABILITY = YES_AGGRESSIVE;
				CLANG_WARN_UNREACHABLE_CODE = YES;
				CLANG_WARN__DUPLICATE_METHOD_MATCH = YES;
				COPY_PHASE_STRIP = NO;
				DEBUG_INFORMATION_FORMAT = "dwarf-with-dsym";
				ENABLE_NS_ASSERTIONS = NO;
				ENABLE_STRICT_OBJC_MSGSEND = YES;
				ENABLE_USER_SCRIPT_SANDBOXING = YES;
				GCC_C_LANGUAGE_STANDARD = gnu17;
				GCC_NO_COMMON_BLOCKS = YES;
				GCC_WARN_64_TO_32_BIT_CONVERSION = YES;
				GCC_WARN_ABOUT_RETURN_TYPE = YES_ERROR;
				GCC_WARN_UNDECLARED_SELECTOR = YES;
				GCC_WARN_UNINITIALIZED_AUTOS = YES_AGGRESSIVE;
				GCC_WARN_UNUSED_FUNCTION = YES;
				GCC_WARN_UNUSED_VARIABLE = YES;
				IPHONEOS_DEPLOYMENT_TARGET = 17.0;
				LOCALIZATION_PREFERS_STRING_CATALOGS = YES;
				MTL_ENABLE_DEBUG_INFO = NO;
				MTL_FAST_MATH = YES;
				SDKROOT = iphoneos;
				SWIFT_COMPILATION_MODE = wholemodule;
				VALIDATE_PRODUCT = YES;
			};
			name = Release;
		};
		DDBC30DB2B11B78100686A9B /* Debug */ = {
			isa = XCBuildConfiguration;
			buildSettings = {
				ASSETCATALOG_COMPILER_APPICON_NAME = AppIcon;
				ASSETCATALOG_COMPILER_GLOBAL_ACCENT_COLOR_NAME = AccentColor;
				CODE_SIGN_ENTITLEMENTS = ETA/ETA.entitlements;
				CODE_SIGN_STYLE = Manual;
				CURRENT_PROJECT_VERSION = 1;
				DEVELOPMENT_TEAM = 2DF5SKQK2R;
				GENERATE_INFOPLIST_FILE = YES;
				INFOPLIST_FILE = ETA/Info.plist;
				INFOPLIST_KEY_LSApplicationCategoryType = "";
				INFOPLIST_KEY_UIApplicationSupportsIndirectInputEvents = YES;
				INFOPLIST_KEY_UILaunchStoryboardName = LaunchScreen;
				INFOPLIST_KEY_UISupportedInterfaceOrientations_iPad = "UIInterfaceOrientationPortrait UIInterfaceOrientationPortraitUpsideDown UIInterfaceOrientationLandscapeLeft UIInterfaceOrientationLandscapeRight";
				INFOPLIST_KEY_UISupportedInterfaceOrientations_iPhone = "UIInterfaceOrientationPortrait UIInterfaceOrientationLandscapeLeft UIInterfaceOrientationLandscapeRight";
				LD_RUNPATH_SEARCH_PATHS = (
					"$(inherited)",
					"@executable_path/Frameworks",
				);
				MARKETING_VERSION = 1.0;
				PRODUCT_BUNDLE_IDENTIFIER = com.youz2me.ETA;
				PRODUCT_NAME = "$(TARGET_NAME)";
				PROVISIONING_PROFILE_SPECIFIER = "";
				SWIFT_EMIT_LOC_STRINGS = YES;
				SWIFT_VERSION = 5.0;
				TARGETED_DEVICE_FAMILY = "1,2";
			};
			name = Debug;
		};
		DDBC30DC2B11B78100686A9B /* Release */ = {
			isa = XCBuildConfiguration;
			buildSettings = {
				ASSETCATALOG_COMPILER_APPICON_NAME = AppIcon;
				ASSETCATALOG_COMPILER_GLOBAL_ACCENT_COLOR_NAME = AccentColor;
				CODE_SIGN_ENTITLEMENTS = ETA/ETA.entitlements;
				CODE_SIGN_STYLE = Manual;
				CURRENT_PROJECT_VERSION = 1;
				DEVELOPMENT_TEAM = 2DF5SKQK2R;
				GENERATE_INFOPLIST_FILE = YES;
				INFOPLIST_FILE = ETA/Info.plist;
				INFOPLIST_KEY_LSApplicationCategoryType = "";
				INFOPLIST_KEY_UIApplicationSupportsIndirectInputEvents = YES;
				INFOPLIST_KEY_UILaunchStoryboardName = LaunchScreen;
				INFOPLIST_KEY_UISupportedInterfaceOrientations_iPad = "UIInterfaceOrientationPortrait UIInterfaceOrientationPortraitUpsideDown UIInterfaceOrientationLandscapeLeft UIInterfaceOrientationLandscapeRight";
				INFOPLIST_KEY_UISupportedInterfaceOrientations_iPhone = "UIInterfaceOrientationPortrait UIInterfaceOrientationLandscapeLeft UIInterfaceOrientationLandscapeRight";
				LD_RUNPATH_SEARCH_PATHS = (
					"$(inherited)",
					"@executable_path/Frameworks",
				);
				MARKETING_VERSION = 1.0;
				PRODUCT_BUNDLE_IDENTIFIER = com.youz2me.ETA;
				PRODUCT_NAME = "$(TARGET_NAME)";
				PROVISIONING_PROFILE_SPECIFIER = "";
				SWIFT_EMIT_LOC_STRINGS = YES;
				SWIFT_VERSION = 5.0;
				TARGETED_DEVICE_FAMILY = "1,2";
			};
			name = Release;
		};
/* End XCBuildConfiguration section */

/* Begin XCConfigurationList section */
		DDBC30C12B11B77F00686A9B /* Build configuration list for PBXProject "ETA" */ = {
			isa = XCConfigurationList;
			buildConfigurations = (
				DDBC30D82B11B78100686A9B /* Debug */,
				DDBC30D92B11B78100686A9B /* Release */,
			);
			defaultConfigurationIsVisible = 0;
			defaultConfigurationName = Release;
		};
		DDBC30DA2B11B78100686A9B /* Build configuration list for PBXNativeTarget "ETA" */ = {
			isa = XCConfigurationList;
			buildConfigurations = (
				DDBC30DB2B11B78100686A9B /* Debug */,
				DDBC30DC2B11B78100686A9B /* Release */,
			);
			defaultConfigurationIsVisible = 0;
			defaultConfigurationName = Release;
		};
/* End XCConfigurationList section */

/* Begin XCRemoteSwiftPackageReference section */
		DD8B80A52B126F8500DAA68B /* XCRemoteSwiftPackageReference "SnapKit" */ = {
			isa = XCRemoteSwiftPackageReference;
			repositoryURL = "https://github.com/SnapKit/SnapKit";
			requirement = {
				kind = upToNextMajorVersion;
				minimumVersion = 5.6.0;
			};
		};
		DD8B80A82B12702400DAA68B /* XCRemoteSwiftPackageReference "firebase-ios-sdk" */ = {
			isa = XCRemoteSwiftPackageReference;
			repositoryURL = "https://github.com/firebase/firebase-ios-sdk";
			requirement = {
				kind = upToNextMajorVersion;
				minimumVersion = 10.18.0;
			};
		};
		DDC62A612B11B807008974A7 /* XCRemoteSwiftPackageReference "Kingfisher" */ = {
			isa = XCRemoteSwiftPackageReference;
			repositoryURL = "https://github.com/onevcat/Kingfisher";
			requirement = {
				kind = upToNextMajorVersion;
				minimumVersion = 7.10.0;
			};
		};
		DDC62A642B11B812008974A7 /* XCRemoteSwiftPackageReference "Then" */ = {
			isa = XCRemoteSwiftPackageReference;
			repositoryURL = "https://github.com/devxoul/Then";
			requirement = {
				kind = upToNextMajorVersion;
				minimumVersion = 3.0.0;
			};
		};
		DDC62A6C2B11B843008974A7 /* XCRemoteSwiftPackageReference "Alamofire" */ = {
			isa = XCRemoteSwiftPackageReference;
			repositoryURL = "https://github.com/Alamofire/Alamofire";
			requirement = {
				kind = upToNextMajorVersion;
				minimumVersion = 5.8.1;
			};
		};
/* End XCRemoteSwiftPackageReference section */

/* Begin XCSwiftPackageProductDependency section */
		DD8B80A62B126F8500DAA68B /* SnapKit */ = {
			isa = XCSwiftPackageProductDependency;
			package = DD8B80A52B126F8500DAA68B /* XCRemoteSwiftPackageReference "SnapKit" */;
			productName = SnapKit;
		};
		DD8B80A92B12702400DAA68B /* FirebaseAnalytics */ = {
			isa = XCSwiftPackageProductDependency;
			package = DD8B80A82B12702400DAA68B /* XCRemoteSwiftPackageReference "firebase-ios-sdk" */;
			productName = FirebaseAnalytics;
		};
		DD8B80AB2B12702400DAA68B /* FirebaseAnalyticsOnDeviceConversion */ = {
			isa = XCSwiftPackageProductDependency;
			package = DD8B80A82B12702400DAA68B /* XCRemoteSwiftPackageReference "firebase-ios-sdk" */;
			productName = FirebaseAnalyticsOnDeviceConversion;
		};
		DD8B80AD2B12702400DAA68B /* FirebaseAnalyticsSwift */ = {
			isa = XCSwiftPackageProductDependency;
			package = DD8B80A82B12702400DAA68B /* XCRemoteSwiftPackageReference "firebase-ios-sdk" */;
			productName = FirebaseAnalyticsSwift;
		};
		DD8B80AF2B12702400DAA68B /* FirebaseAnalyticsWithoutAdIdSupport */ = {
			isa = XCSwiftPackageProductDependency;
			package = DD8B80A82B12702400DAA68B /* XCRemoteSwiftPackageReference "firebase-ios-sdk" */;
			productName = FirebaseAnalyticsWithoutAdIdSupport;
		};
		DD8B80B12B12702400DAA68B /* FirebaseAppCheck */ = {
			isa = XCSwiftPackageProductDependency;
			package = DD8B80A82B12702400DAA68B /* XCRemoteSwiftPackageReference "firebase-ios-sdk" */;
			productName = FirebaseAppCheck;
		};
		DD8B80B32B12702400DAA68B /* FirebaseMessaging */ = {
			isa = XCSwiftPackageProductDependency;
			package = DD8B80A82B12702400DAA68B /* XCRemoteSwiftPackageReference "firebase-ios-sdk" */;
			productName = FirebaseMessaging;
		};
		DDC62A622B11B807008974A7 /* Kingfisher */ = {
			isa = XCSwiftPackageProductDependency;
			package = DDC62A612B11B807008974A7 /* XCRemoteSwiftPackageReference "Kingfisher" */;
			productName = Kingfisher;
		};
		DDC62A652B11B812008974A7 /* Then */ = {
			isa = XCSwiftPackageProductDependency;
			package = DDC62A642B11B812008974A7 /* XCRemoteSwiftPackageReference "Then" */;
			productName = Then;
		};
		DDC62A6D2B11B843008974A7 /* Alamofire */ = {
			isa = XCSwiftPackageProductDependency;
			package = DDC62A6C2B11B843008974A7 /* XCRemoteSwiftPackageReference "Alamofire" */;
			productName = Alamofire;
		};
/* End XCSwiftPackageProductDependency section */
	};
	rootObject = DDBC30BE2B11B77F00686A9B /* Project object */;
}
